
Microsoft Visual Studio Solution File, Format Version 12.00
# Visual Studio Version 16
VisualStudioVersion = 16.0.31112.23
MinimumVisualStudioVersion = 10.0.40219.1
Project("{FAE04EC0-301F-11D3-BF4B-00C04F79EFBC}") = "CCMTPTPM_Lab_Buoi3", "CCMTPTPM_Lab_Buoi3\CCMTPTPM_Lab_Buoi3.csproj", "{56BAE2F8-37AC-4126-8115-316664A7EFCC}"
EndProject
Global
	GlobalSection(SolutionConfigurationPlatforms) = preSolution
		Debug|Any CPU = Debug|Any CPU
		Release|Any CPU = Release|Any CPU
	EndGlobalSection
	GlobalSection(ProjectConfigurationPlatforms) = postSolution
		{56BAE2F8-37AC-4126-8115-316664A7EFCC}.Debug|Any CPU.ActiveCfg = Debug|Any CPU
		{56BAE2F8-37AC-4126-8115-316664A7EFCC}.Debug|Any CPU.Build.0 = Debug|Any CPU
		{56BAE2F8-37AC-4126-8115-316664A7EFCC}.Release|Any CPU.ActiveCfg = Release|Any CPU
		{56BAE2F8-37AC-4126-8115-316664A7EFCC}.Release|Any CPU.Build.0 = Release|Any CPU
	EndGlobalSection
	GlobalSection(SolutionProperties) = preSolution
		HideSolutionNode = FALSE
	EndGlobalSection
	GlobalSection(ExtensibilityGlobals) = postSolution
		SolutionGuid = {28250E23-FBA1-412B-842F-BBF39B5FB7FD}
	EndGlobalSection
EndGlobal
